
Microsoft Visual Studio Solution File, Format Version 12.00
# Visual Studio 15
VisualStudioVersion = 15.0.26730.16
MinimumVisualStudioVersion = 10.0.40219.1
Project("{FAE04EC0-301F-11D3-BF4B-00C04F79EFBC}") = "AspDotnetCoreTemplate", "AspDotnetCoreTemplate\AspDotnetCoreTemplate.csproj", "{66C35886-7274-427F-9CF6-9E158C3985EE}"
EndProject
Global
	GlobalSection(SolutionConfigurationPlatforms) = preSolution
		Debug|Any CPU = Debug|Any CPU
		Release|Any CPU = Release|Any CPU
	EndGlobalSection
	GlobalSection(ProjectConfigurationPlatforms) = postSolution
		{66C35886-7274-427F-9CF6-9E158C3985EE}.Debug|Any CPU.ActiveCfg = Debug|Any CPU
		{66C35886-7274-427F-9CF6-9E158C3985EE}.Debug|Any CPU.Build.0 = Debug|Any CPU
		{66C35886-7274-427F-9CF6-9E158C3985EE}.Release|Any CPU.ActiveCfg = Release|Any CPU
		{66C35886-7274-427F-9CF6-9E158C3985EE}.Release|Any CPU.Build.0 = Release|Any CPU
	EndGlobalSection
	GlobalSection(SolutionProperties) = preSolution
		HideSolutionNode = FALSE
	EndGlobalSection
	GlobalSection(ExtensibilityGlobals) = postSolution
		SolutionGuid = {8BF00DBF-20E6-46AE-A0BF-C3DEA8F120B4}
	EndGlobalSection
EndGlobal
